
Microsoft Visual Studio Solution File, Format Version 12.00
# Visual Studio Version 17
VisualStudioVersion = 17.0.31912.275
MinimumVisualStudioVersion = 10.0.40219.1
Project("{FAE04EC0-301F-11D3-BF4B-00C04F79EFBC}") = "OOP_Backpack", "OOP_Backpack.csproj", "{D1520739-C4E9-4660-937E-9AED33353497}"
EndProject
Global
	GlobalSection(SolutionConfigurationPlatforms) = preSolution
		Debug|Any CPU = Debug|Any CPU
		Release|Any CPU = Release|Any CPU
	EndGlobalSection
	GlobalSection(ProjectConfigurationPlatforms) = postSolution
		{D1520739-C4E9-4660-937E-9AED33353497}.Debug|Any CPU.ActiveCfg = Debug|Any CPU
		{D1520739-C4E9-4660-937E-9AED33353497}.Debug|Any CPU.Build.0 = Debug|Any CPU
		{D1520739-C4E9-4660-937E-9AED33353497}.Release|Any CPU.ActiveCfg = Release|Any CPU
		{D1520739-C4E9-4660-937E-9AED33353497}.Release|Any CPU.Build.0 = Release|Any CPU
	EndGlobalSection
	GlobalSection(SolutionProperties) = preSolution
		HideSolutionNode = FALSE
	EndGlobalSection
	GlobalSection(ExtensibilityGlobals) = postSolution
		SolutionGuid = {5572972F-B3C5-40DF-B310-91CC37471EAB}
	EndGlobalSection
EndGlobal
